// !$*UTF8*$!
{
	archiveVersion = 1;
	classes = {
	};
	objectVersion = 46;
	objects = {

/* Begin PBXBuildFile section */
		0A6258CE1D6AE2FF00B7B0E1 /* UnityPluginsIOS.h in CopyFiles */ = {isa = PBXBuildFile; fileRef = 0A6258CD1D6AE2FF00B7B0E1 /* UnityPluginsIOS.h */; };
		0A6258D01D6AE2FF00B7B0E1 /* UnityPluginsIOS.m in Sources */ = {isa = PBXBuildFile; fileRef = 0A6258CF1D6AE2FF00B7B0E1 /* UnityPluginsIOS.m */; };
/* End PBXBuildFile section */

/* Begin PBXCopyFilesBuildPhase section */
		0A6258C81D6AE2FF00B7B0E1 /* CopyFiles */ = {
			isa = PBXCopyFilesBuildPhase;
			buildActionMask = 2147483647;
			dstPath = "include/$(PRODUCT_NAME)";
			dstSubfolderSpec = 16;
			files = (
				0A6258CE1D6AE2FF00B7B0E1 /* UnityPluginsIOS.h in CopyFiles */,
			);
			runOnlyForDeploymentPostprocessing = 0;
		};
/* End PBXCopyFilesBuildPhase section */

/* Begin PBXFileReference section */
		0A6258CA1D6AE2FF00B7B0E1 /* libUnityPluginsIOS.a */ = {isa = PBXFileReference; explicitFileType = archive.ar; includeInIndex = 0; path = libUnityPluginsIOS.a; sourceTree = BUILT_PRODUCTS_DIR; };
		0A6258CD1D6AE2FF00B7B0E1 /* UnityPluginsIOS.h */ = {isa = PBXFileReference; lastKnownFileType = sourcecode.c.h; path = UnityPluginsIOS.h; sourceTree = "<group>"; };
		0A6258CF1D6AE2FF00B7B0E1 /* UnityPluginsIOS.m */ = {isa = PBXFileReference; lastKnownFileType = sourcecode.c.objc; path = UnityPluginsIOS.m; sourceTree = "<group>"; };
/* End PBXFileReference section */

/* Begin PBXFrameworksBuildPhase section */
		0A6258C71D6AE2FF00B7B0E1 /* Frameworks */ = {
			isa = PBXFrameworksBuildPhase;
			buildActionMask = 2147483647;
			files = (
			);
			runOnlyForDeploymentPostprocessing = 0;
		};
/* End PBXFrameworksBuildPhase section */

/* Begin PBXGroup section */
		0A6258C11D6AE2FF00B7B0E1 = {
			isa = PBXGroup;
			children = (
				0A6258CC1D6AE2FF00B7B0E1 /* UnityPluginsIOS */,
				0A6258CB1D6AE2FF00B7B0E1 /* Products */,
			);
			sourceTree = "<group>";
		};
		0A6258CB1D6AE2FF00B7B0E1 /* Products */ = {
			isa = PBXGroup;
			children = (
				0A6258CA1D6AE2FF00B7B0E1 /* libUnityPluginsIOS.a */,
			);
			name = Products;
			sourceTree = "<group>";
		};
		0A6258CC1D6AE2FF00B7B0E1 /* UnityPluginsIOS */ = {
			isa = PBXGroup;
			children = (
				0A6258CD1D6AE2FF00B7B0E1 /* UnityPluginsIOS.h */,
				0A6258CF1D6AE2FF00B7B0E1 /* UnityPluginsIOS.m */,
			);
			path = UnityPluginsIOS;
			sourceTree = "<group>";
		};
/* End PBXGroup section */

/* Begin PBXNativeTarget section */
		0A6258C91D6AE2FF00B7B0E1 /* UnityPluginsIOS */ = {
			isa = PBXNativeTarget;
			buildConfigurationList = 0A6258D31D6AE2FF00B7B0E1 /* Build configuration list for PBXNativeTarget "UnityPluginsIOS" */;
			buildPhases = (
				0A6258C61D6AE2FF00B7B0E1 /* Sources */,
				0A6258C71D6AE2FF00B7B0E1 /* Frameworks */,
				0A6258C81D6AE2FF00B7B0E1 /* CopyFiles */,
			);
			buildRules = (
			);
			dependencies = (
			);
			name = UnityPluginsIOS;
			productName = UnityPluginsIOS;
			productReference = 0A6258CA1D6AE2FF00B7B0E1 /* libUnityPluginsIOS.a */;
			productType = "com.apple.product-type.library.static";
		};
/* End PBXNativeTarget section */

/* Begin PBXProject section */
		0A6258C21D6AE2FF00B7B0E1 /* Project object */ = {
			isa = PBXProject;
			attributes = {
				LastUpgradeCheck = 0730;
				ORGANIZATIONNAME = wangshibo;
				TargetAttributes = {
					0A6258C91D6AE2FF00B7B0E1 = {
						CreatedOnToolsVersion = 7.3;
					};
				};
			};
			buildConfigurationList = 0A6258C51D6AE2FF00B7B0E1 /* Build configuration list for PBXProject "UnityPluginsIOS" */;
			compatibilityVersion = "Xcode 3.2";
			developmentRegion = English;
			hasScannedForEncodings = 0;
			knownRegions = (
				en,
			);
			mainGroup = 0A6258C11D6AE2FF00B7B0E1;
			productRefGroup = 0A6258CB1D6AE2FF00B7B0E1 /* Products */;
			projectDirPath = "";
			projectRoot = "";
			targets = (
				0A6258C91D6AE2FF00B7B0E1 /* UnityPluginsIOS */,
			);
		};
/* End PBXProject section */

/* Begin PBXSourcesBuildPhase section */
		0A6258C61D6AE2FF00B7B0E1 /* Sources */ = {
			isa = PBXSourcesBuildPhase;
			buildActionMask = 2147483647;
			files = (
				0A6258D01D6AE2FF00B7B0E1 /* UnityPluginsIOS.m in Sources */,
			);
			runOnlyForDeploymentPostprocessing = 0;
		};
/* End PBXSourcesBuildPhase section */

/* Begin XCBuildConfiguration section */
		0A6258D11D6AE2FF00B7B0E1 /* Debug */ = {
			isa = XCBuildConfiguration;
			buildSettings = {
				ALWAYS_SEARCH_USER_PATHS = NO;
				CLANG_ANALYZER_NONNULL = YES;
				CLANG_CXX_LANGUAGE_STANDARD = "gnu++0x";
				CLANG_CXX_LIBRARY = "libc++";
				CLANG_ENABLE_MODULES = YES;
				CLANG_ENABLE_OBJC_ARC = YES;
				CLANG_WARN_BOOL_CONVERSION = YES;
				CLANG_WARN_CONSTANT_CONVERSION = YES;
				CLANG_WARN_DIRECT_OBJC_ISA_USAGE = YES_ERROR;
				CLANG_WARN_EMPTY_BODY = YES;
				CLANG_WARN_ENUM_CONVERSION = YES;
				CLANG_WARN_INT_CONVERSION = YES;
				CLANG_WARN_OBJC_ROOT_CLASS = YES_ERROR;
				CLANG_WARN_UNREACHABLE_CODE = YES;
				CLANG_WARN__DUPLICATE_METHOD_MATCH = YES;
				"CODE_SIGN_IDENTITY[sdk=iphoneos*]" = "iPhone Developer";
				COPY_PHASE_STRIP = NO;
				DEBUG_INFORMATION_FORMAT = dwarf;
				ENABLE_STRICT_OBJC_MSGSEND = YES;
				ENABLE_TESTABILITY = YES;
				GCC_C_LANGUAGE_STANDARD = gnu99;
				GCC_DYNAMIC_NO_PIC = NO;
				GCC_NO_COMMON_BLOCKS = YES;
				GCC_OPTIMIZATION_LEVEL = 0;
				GCC_PREPROCESSOR_DEFINITIONS = (
					"DEBUG=1",
					"$(inherited)",
				);
				GCC_WARN_64_TO_32_BIT_CONVERSION = YES;
				GCC_WARN_ABOUT_RETURN_TYPE = YES_ERROR;
				GCC_WARN_UNDECLARED_SELECTOR = YES;
				GCC_WARN_UNINITIALIZED_AUTOS = YES_AGGRESSIVE;
				GCC_WARN_UNUSED_FUNCTION = YES;
				GCC_WARN_UNUSED_VARIABLE = YES;
				IPHONEOS_DEPLOYMENT_TARGET = 9.3;
				MTL_ENABLE_DEBUG_INFO = YES;
				ONLY_ACTIVE_ARCH = YES;
				SDKROOT = iphoneos;
			};
			name = Debug;
		};
		0A6258D21D6AE2FF00B7B0E1 /* Release */ = {
			isa = XCBuildConfiguration;
			buildSettings = {
				ALWAYS_SEARCH_USER_PATHS = NO;
				CLANG_ANALYZER_NONNULL = YES;
				CLANG_CXX_LANGUAGE_STANDARD = "gnu++0x";
				CLANG_CXX_LIBRARY = "libc++";
				CLANG_ENABLE_MODULES = YES;
				CLANG_ENABLE_OBJC_ARC = YES;
				CLANG_WARN_BOOL_CONVERSION = YES;
				CLANG_WARN_CONSTANT_CONVERSION = YES;
				CLANG_WARN_DIRECT_OBJC_ISA_USAGE = YES_ERROR;
				CLANG_WARN_EMPTY_BODY = YES;
				CLANG_WARN_ENUM_CONVERSION = YES;
				CLANG_WARN_INT_CONVERSION = YES;
				CLANG_WARN_OBJC_ROOT_CLASS = YES_ERROR;
				CLANG_WARN_UNREACHABLE_CODE = YES;
				CLANG_WARN__DUPLICATE_METHOD_MATCH = YES;
				"CODE_SIGN_IDENTITY[sdk=iphoneos*]" = "iPhone Developer";
				COPY_PHASE_STRIP = NO;
				DEBUG_INFORMATION_FORMAT = "dwarf-with-dsym";
				ENABLE_NS_ASSERTIONS = NO;
				ENABLE_STRICT_OBJC_MSGSEND = YES;
				GCC_C_LANGUAGE_STANDARD = gnu99;
				GCC_NO_COMMON_BLOCKS = YES;
				GCC_WARN_64_TO_32_BIT_CONVERSION = YES;
				GCC_WARN_ABOUT_RETURN_TYPE = YES_ERROR;
				GCC_WARN_UNDECLARED_SELECTOR = YES;
				GCC_WARN_UNINITIALIZED_AUTOS = YES_AGGRESSIVE;
				GCC_WARN_UNUSED_FUNCTION = YES;
				GCC_WARN_UNUSED_VARIABLE = YES;
				IPHONEOS_DEPLOYMENT_TARGET = 9.3;
				MTL_ENABLE_DEBUG_INFO = NO;
				SDKROOT = iphoneos;
				VALIDATE_PRODUCT = YES;
			};
			name = Release;
		};
		0A6258D41D6AE2FF00B7B0E1 /* Debug */ = {
			isa = XCBuildConfiguration;
			buildSettings = {
				OTHER_LDFLAGS = "-ObjC";
				PRODUCT_NAME = "$(TARGET_NAME)";
				SKIP_INSTALL = YES;
			};
			name = Debug;
		};
		0A6258D51D6AE2FF00B7B0E1 /* Release */ = {
			isa = XCBuildConfiguration;
			buildSettings = {
				OTHER_LDFLAGS = "-ObjC";
				PRODUCT_NAME = "$(TARGET_NAME)";
				SKIP_INSTALL = YES;
			};
			name = Release;
		};
/* End XCBuildConfiguration section */

/* Begin XCConfigurationList section */
		0A6258C51D6AE2FF00B7B0E1 /* Build configuration list for PBXProject "UnityPluginsIOS" */ = {
			isa = XCConfigurationList;
			buildConfigurations = (
				0A6258D11D6AE2FF00B7B0E1 /* Debug */,
				0A6258D21D6AE2FF00B7B0E1 /* Release */,
			);
			defaultConfigurationIsVisible = 0;
			defaultConfigurationName = Release;
		};
		0A6258D31D6AE2FF00B7B0E1 /* Build configuration list for PBXNativeTarget "UnityPluginsIOS" */ = {
			isa = XCConfigurationList;
			buildConfigurations = (
				0A6258D41D6AE2FF00B7B0E1 /* Debug */,
				0A6258D51D6AE2FF00B7B0E1 /* Release */,
			);
			defaultConfigurationIsVisible = 0;
		};
/* End XCConfigurationList section */
	};
	rootObject = 0A6258C21D6AE2FF00B7B0E1 /* Project object */;
}
